
Microsoft Visual Studio Solution File, Format Version 12.00
# Visual Studio 14
VisualStudioVersion = 14.0.25420.1
MinimumVisualStudioVersion = 10.0.40219.1
Project("{FAE04EC0-301F-11D3-BF4B-00C04F79EFBC}") = "DemoWebApi", "DemoWebApi\DemoWebApi.csproj", "{938B9426-FBFD-43E3-9AAF-A732C06E9DB2}"
EndProject
Project("{FAE04EC0-301F-11D3-BF4B-00C04F79EFBC}") = "EmployeeDataAccess", "EmployeeDataAccess\EmployeeDataAccess.csproj", "{621289C6-E249-4BA1-9C94-508DCF8EBFD1}"
EndProject
Project("{FAE04EC0-301F-11D3-BF4B-00C04F79EFBC}") = "ClientApplication", "ClientApplication\ClientApplication.csproj", "{DD8BEBB2-3B40-4637-B892-DC6E12895899}"
EndProject
Global
	GlobalSection(SolutionConfigurationPlatforms) = preSolution
		Debug|Any CPU = Debug|Any CPU
		Release|Any CPU = Release|Any CPU
	EndGlobalSection
	GlobalSection(ProjectConfigurationPlatforms) = postSolution
		{938B9426-FBFD-43E3-9AAF-A732C06E9DB2}.Debug|Any CPU.ActiveCfg = Debug|Any CPU
		{938B9426-FBFD-43E3-9AAF-A732C06E9DB2}.Debug|Any CPU.Build.0 = Debug|Any CPU
		{938B9426-FBFD-43E3-9AAF-A732C06E9DB2}.Release|Any CPU.ActiveCfg = Release|Any CPU
		{938B9426-FBFD-43E3-9AAF-A732C06E9DB2}.Release|Any CPU.Build.0 = Release|Any CPU
		{621289C6-E249-4BA1-9C94-508DCF8EBFD1}.Debug|Any CPU.ActiveCfg = Debug|Any CPU
		{621289C6-E249-4BA1-9C94-508DCF8EBFD1}.Debug|Any CPU.Build.0 = Debug|Any CPU
		{621289C6-E249-4BA1-9C94-508DCF8EBFD1}.Release|Any CPU.ActiveCfg = Release|Any CPU
		{621289C6-E249-4BA1-9C94-508DCF8EBFD1}.Release|Any CPU.Build.0 = Release|Any CPU
		{DD8BEBB2-3B40-4637-B892-DC6E12895899}.Debug|Any CPU.ActiveCfg = Debug|Any CPU
		{DD8BEBB2-3B40-4637-B892-DC6E12895899}.Debug|Any CPU.Build.0 = Debug|Any CPU
		{DD8BEBB2-3B40-4637-B892-DC6E12895899}.Release|Any CPU.ActiveCfg = Release|Any CPU
		{DD8BEBB2-3B40-4637-B892-DC6E12895899}.Release|Any CPU.Build.0 = Release|Any CPU
	EndGlobalSection
	GlobalSection(SolutionProperties) = preSolution
		HideSolutionNode = FALSE
	EndGlobalSection
EndGlobal
